
Microsoft Visual Studio Solution File, Format Version 12.00
# Visual Studio Version 17
VisualStudioVersion = 17.3.32922.545
MinimumVisualStudioVersion = 10.0.40219.1
Project("{FAE04EC0-301F-11D3-BF4B-00C04F79EFBC}") = "AjusteIPA", "AjusteIPA\AjusteIPA.csproj", "{11A4FF39-0374-4815-9720-E3EF53A061FF}"
EndProject
Project("{FAE04EC0-301F-11D3-BF4B-00C04F79EFBC}") = "AjusteIPA.Data", "AjusteIPA.Data\AjusteIPA.Data.csproj", "{35C90109-BE7B-4B5A-AA88-0BB70AE707F7}"
EndProject
Project("{9A19103F-16F7-4668-BE54-9A1E7A4F7556}") = "TestData", "Utilities\TestData\TestData.csproj", "{902A1AE8-597F-4FED-8276-306ABFDA927D}"
EndProject
Project("{2150E333-8FDC-42A3-9474-1A3956D46DE8}") = "Utilities", "Utilities", "{A424E55C-9C6B-4F38-A22B-F82154C78D46}"
EndProject
Project("{FAE04EC0-301F-11D3-BF4B-00C04F79EFBC}") = "Utilities", "Utilities\Utilities\Utilities.csproj", "{74DF32F3-6257-46B1-8593-A915B778E4BE}"
EndProject
Global
	GlobalSection(SolutionConfigurationPlatforms) = preSolution
		Debug|Any CPU = Debug|Any CPU
		Release|Any CPU = Release|Any CPU
	EndGlobalSection
	GlobalSection(ProjectConfigurationPlatforms) = postSolution
		{11A4FF39-0374-4815-9720-E3EF53A061FF}.Debug|Any CPU.ActiveCfg = Debug|Any CPU
		{11A4FF39-0374-4815-9720-E3EF53A061FF}.Debug|Any CPU.Build.0 = Debug|Any CPU
		{11A4FF39-0374-4815-9720-E3EF53A061FF}.Release|Any CPU.ActiveCfg = Release|Any CPU
		{11A4FF39-0374-4815-9720-E3EF53A061FF}.Release|Any CPU.Build.0 = Release|Any CPU
		{35C90109-BE7B-4B5A-AA88-0BB70AE707F7}.Debug|Any CPU.ActiveCfg = Debug|Any CPU
		{35C90109-BE7B-4B5A-AA88-0BB70AE707F7}.Debug|Any CPU.Build.0 = Debug|Any CPU
		{35C90109-BE7B-4B5A-AA88-0BB70AE707F7}.Release|Any CPU.ActiveCfg = Release|Any CPU
		{35C90109-BE7B-4B5A-AA88-0BB70AE707F7}.Release|Any CPU.Build.0 = Release|Any CPU
		{902A1AE8-597F-4FED-8276-306ABFDA927D}.Debug|Any CPU.ActiveCfg = Debug|Any CPU
		{902A1AE8-597F-4FED-8276-306ABFDA927D}.Debug|Any CPU.Build.0 = Debug|Any CPU
		{902A1AE8-597F-4FED-8276-306ABFDA927D}.Release|Any CPU.ActiveCfg = Release|Any CPU
		{902A1AE8-597F-4FED-8276-306ABFDA927D}.Release|Any CPU.Build.0 = Release|Any CPU
		{74DF32F3-6257-46B1-8593-A915B778E4BE}.Debug|Any CPU.ActiveCfg = Debug|Any CPU
		{74DF32F3-6257-46B1-8593-A915B778E4BE}.Debug|Any CPU.Build.0 = Debug|Any CPU
		{74DF32F3-6257-46B1-8593-A915B778E4BE}.Release|Any CPU.ActiveCfg = Release|Any CPU
		{74DF32F3-6257-46B1-8593-A915B778E4BE}.Release|Any CPU.Build.0 = Release|Any CPU
	EndGlobalSection
	GlobalSection(SolutionProperties) = preSolution
		HideSolutionNode = FALSE
	EndGlobalSection
	GlobalSection(NestedProjects) = preSolution
		{902A1AE8-597F-4FED-8276-306ABFDA927D} = {A424E55C-9C6B-4F38-A22B-F82154C78D46}
		{74DF32F3-6257-46B1-8593-A915B778E4BE} = {A424E55C-9C6B-4F38-A22B-F82154C78D46}
	EndGlobalSection
	GlobalSection(ExtensibilityGlobals) = postSolution
		SolutionGuid = {89046BAC-2B70-48D3-8924-EE715E2425A0}
	EndGlobalSection
EndGlobal
